// !$*UTF8*$!
{
	archiveVersion = 1;
	classes = {
	};
	objectVersion = 46;
	objects = {

/* Begin PBXBuildFile section */
		188461D01EA0D092000C46A4 /* main.m in Sources */ = {isa = PBXBuildFile; fileRef = 188461CF1EA0D092000C46A4 /* main.m */; };
		188461D31EA0D092000C46A4 /* AppDelegate.m in Sources */ = {isa = PBXBuildFile; fileRef = 188461D21EA0D092000C46A4 /* AppDelegate.m */; };
		188461D61EA0D092000C46A4 /* ViewController.m in Sources */ = {isa = PBXBuildFile; fileRef = 188461D51EA0D092000C46A4 /* ViewController.m */; };
		188461D91EA0D092000C46A4 /* Main.storyboard in Resources */ = {isa = PBXBuildFile; fileRef = 188461D71EA0D092000C46A4 /* Main.storyboard */; };
		188461DB1EA0D092000C46A4 /* Assets.xcassets in Resources */ = {isa = PBXBuildFile; fileRef = 188461DA1EA0D092000C46A4 /* Assets.xcassets */; };
		188461DE1EA0D092000C46A4 /* LaunchScreen.storyboard in Resources */ = {isa = PBXBuildFile; fileRef = 188461DC1EA0D092000C46A4 /* LaunchScreen.storyboard */; };
		188461E91EA0D092000C46A4 /* SweetRN_110Tests.m in Sources */ = {isa = PBXBuildFile; fileRef = 188461E81EA0D092000C46A4 /* SweetRN_110Tests.m */; };
		188461F41EA0D092000C46A4 /* SweetRN_110UITests.m in Sources */ = {isa = PBXBuildFile; fileRef = 188461F31EA0D092000C46A4 /* SweetRN_110UITests.m */; };
/* End PBXBuildFile section */

/* Begin PBXContainerItemProxy section */
		188461E51EA0D092000C46A4 /* PBXContainerItemProxy */ = {
			isa = PBXContainerItemProxy;
			containerPortal = 188461C31EA0D092000C46A4 /* Project object */;
			proxyType = 1;
			remoteGlobalIDString = 188461CA1EA0D092000C46A4;
			remoteInfo = SweetRN_110;
		};
		188461F01EA0D092000C46A4 /* PBXContainerItemProxy */ = {
			isa = PBXContainerItemProxy;
			containerPortal = 188461C31EA0D092000C46A4 /* Project object */;
			proxyType = 1;
			remoteGlobalIDString = 188461CA1EA0D092000C46A4;
			remoteInfo = SweetRN_110;
		};
/* End PBXContainerItemProxy section */

/* Begin PBXFileReference section */
		188461CB1EA0D092000C46A4 /* SweetRN_110.app */ = {isa = PBXFileReference; explicitFileType = wrapper.application; includeInIndex = 0; path = SweetRN_110.app; sourceTree = BUILT_PRODUCTS_DIR; };
		188461CF1EA0D092000C46A4 /* main.m */ = {isa = PBXFileReference; lastKnownFileType = sourcecode.c.objc; path = main.m; sourceTree = "<group>"; };
		188461D11EA0D092000C46A4 /* AppDelegate.h */ = {isa = PBXFileReference; lastKnownFileType = sourcecode.c.h; path = AppDelegate.h; sourceTree = "<group>"; };
		188461D21EA0D092000C46A4 /* AppDelegate.m */ = {isa = PBXFileReference; lastKnownFileType = sourcecode.c.objc; path = AppDelegate.m; sourceTree = "<group>"; };
		188461D41EA0D092000C46A4 /* ViewController.h */ = {isa = PBXFileReference; lastKnownFileType = sourcecode.c.h; path = ViewController.h; sourceTree = "<group>"; };
		188461D51EA0D092000C46A4 /* ViewController.m */ = {isa = PBXFileReference; lastKnownFileType = sourcecode.c.objc; path = ViewController.m; sourceTree = "<group>"; };
		188461D81EA0D092000C46A4 /* Base */ = {isa = PBXFileReference; lastKnownFileType = file.storyboard; name = Base; path = Base.lproj/Main.storyboard; sourceTree = "<group>"; };
		188461DA1EA0D092000C46A4 /* Assets.xcassets */ = {isa = PBXFileReference; lastKnownFileType = folder.assetcatalog; path = Assets.xcassets; sourceTree = "<group>"; };
		188461DD1EA0D092000C46A4 /* Base */ = {isa = PBXFileReference; lastKnownFileType = file.storyboard; name = Base; path = Base.lproj/LaunchScreen.storyboard; sourceTree = "<group>"; };
		188461DF1EA0D092000C46A4 /* Info.plist */ = {isa = PBXFileReference; lastKnownFileType = text.plist.xml; path = Info.plist; sourceTree = "<group>"; };
		188461E41EA0D092000C46A4 /* SweetRN_110Tests.xctest */ = {isa = PBXFileReference; explicitFileType = wrapper.cfbundle; includeInIndex = 0; path = SweetRN_110Tests.xctest; sourceTree = BUILT_PRODUCTS_DIR; };
		188461E81EA0D092000C46A4 /* SweetRN_110Tests.m */ = {isa = PBXFileReference; lastKnownFileType = sourcecode.c.objc; path = SweetRN_110Tests.m; sourceTree = "<group>"; };
		188461EA1EA0D092000C46A4 /* Info.plist */ = {isa = PBXFileReference; lastKnownFileType = text.plist.xml; path = Info.plist; sourceTree = "<group>"; };
		188461EF1EA0D092000C46A4 /* SweetRN_110UITests.xctest */ = {isa = PBXFileReference; explicitFileType = wrapper.cfbundle; includeInIndex = 0; path = SweetRN_110UITests.xctest; sourceTree = BUILT_PRODUCTS_DIR; };
		188461F31EA0D092000C46A4 /* SweetRN_110UITests.m */ = {isa = PBXFileReference; lastKnownFileType = sourcecode.c.objc; path = SweetRN_110UITests.m; sourceTree = "<group>"; };
		188461F51EA0D092000C46A4 /* Info.plist */ = {isa = PBXFileReference; lastKnownFileType = text.plist.xml; path = Info.plist; sourceTree = "<group>"; };
/* End PBXFileReference section */

/* Begin PBXFrameworksBuildPhase section */
		188461C81EA0D092000C46A4 /* Frameworks */ = {
			isa = PBXFrameworksBuildPhase;
			buildActionMask = 2147483647;
			files = (
			);
			runOnlyForDeploymentPostprocessing = 0;
		};
		188461E11EA0D092000C46A4 /* Frameworks */ = {
			isa = PBXFrameworksBuildPhase;
			buildActionMask = 2147483647;
			files = (
			);
			runOnlyForDeploymentPostprocessing = 0;
		};
		188461EC1EA0D092000C46A4 /* Frameworks */ = {
			isa = PBXFrameworksBuildPhase;
			buildActionMask = 2147483647;
			files = (
			);
			runOnlyForDeploymentPostprocessing = 0;
		};
/* End PBXFrameworksBuildPhase section */

/* Begin PBXGroup section */
		188461C21EA0D092000C46A4 = {
			isa = PBXGroup;
			children = (
				188461CD1EA0D092000C46A4 /* SweetRN_110 */,
				188461E71EA0D092000C46A4 /* SweetRN_110Tests */,
				188461F21EA0D092000C46A4 /* SweetRN_110UITests */,
				188461CC1EA0D092000C46A4 /* Products */,
			);
			sourceTree = "<group>";
		};
		188461CC1EA0D092000C46A4 /* Products */ = {
			isa = PBXGroup;
			children = (
				188461CB1EA0D092000C46A4 /* SweetRN_110.app */,
				188461E41EA0D092000C46A4 /* SweetRN_110Tests.xctest */,
				188461EF1EA0D092000C46A4 /* SweetRN_110UITests.xctest */,
			);
			name = Products;
			sourceTree = "<group>";
		};
		188461CD1EA0D092000C46A4 /* SweetRN_110 */ = {
			isa = PBXGroup;
			children = (
				188461D11EA0D092000C46A4 /* AppDelegate.h */,
				188461D21EA0D092000C46A4 /* AppDelegate.m */,
				188461D41EA0D092000C46A4 /* ViewController.h */,
				188461D51EA0D092000C46A4 /* ViewController.m */,
				188461D71EA0D092000C46A4 /* Main.storyboard */,
				188461DA1EA0D092000C46A4 /* Assets.xcassets */,
				188461DC1EA0D092000C46A4 /* LaunchScreen.storyboard */,
				188461DF1EA0D092000C46A4 /* Info.plist */,
				188461CE1EA0D092000C46A4 /* Supporting Files */,
			);
			path = SweetRN_110;
			sourceTree = "<group>";
		};
		188461CE1EA0D092000C46A4 /* Supporting Files */ = {
			isa = PBXGroup;
			children = (
				188461CF1EA0D092000C46A4 /* main.m */,
			);
			name = "Supporting Files";
			sourceTree = "<group>";
		};
		188461E71EA0D092000C46A4 /* SweetRN_110Tests */ = {
			isa = PBXGroup;
			children = (
				188461E81EA0D092000C46A4 /* SweetRN_110Tests.m */,
				188461EA1EA0D092000C46A4 /* Info.plist */,
			);
			path = SweetRN_110Tests;
			sourceTree = "<group>";
		};
		188461F21EA0D092000C46A4 /* SweetRN_110UITests */ = {
			isa = PBXGroup;
			children = (
				188461F31EA0D092000C46A4 /* SweetRN_110UITests.m */,
				188461F51EA0D092000C46A4 /* Info.plist */,
			);
			path = SweetRN_110UITests;
			sourceTree = "<group>";
		};
/* End PBXGroup section */

/* Begin PBXNativeTarget section */
		188461CA1EA0D092000C46A4 /* SweetRN_110 */ = {
			isa = PBXNativeTarget;
			buildConfigurationList = 188461F81EA0D092000C46A4 /* Build configuration list for PBXNativeTarget "SweetRN_110" */;
			buildPhases = (
				188461C71EA0D092000C46A4 /* Sources */,
				188461C81EA0D092000C46A4 /* Frameworks */,
				188461C91EA0D092000C46A4 /* Resources */,
			);
			buildRules = (
			);
			dependencies = (
			);
			name = SweetRN_110;
			productName = SweetRN_110;
			productReference = 188461CB1EA0D092000C46A4 /* SweetRN_110.app */;
			productType = "com.apple.product-type.application";
		};
		188461E31EA0D092000C46A4 /* SweetRN_110Tests */ = {
			isa = PBXNativeTarget;
			buildConfigurationList = 188461FB1EA0D092000C46A4 /* Build configuration list for PBXNativeTarget "SweetRN_110Tests" */;
			buildPhases = (
				188461E01EA0D092000C46A4 /* Sources */,
				188461E11EA0D092000C46A4 /* Frameworks */,
				188461E21EA0D092000C46A4 /* Resources */,
			);
			buildRules = (
			);
			dependencies = (
				188461E61EA0D092000C46A4 /* PBXTargetDependency */,
			);
			name = SweetRN_110Tests;
			productName = SweetRN_110Tests;
			productReference = 188461E41EA0D092000C46A4 /* SweetRN_110Tests.xctest */;
			productType = "com.apple.product-type.bundle.unit-test";
		};
		188461EE1EA0D092000C46A4 /* SweetRN_110UITests */ = {
			isa = PBXNativeTarget;
			buildConfigurationList = 188461FE1EA0D092000C46A4 /* Build configuration list for PBXNativeTarget "SweetRN_110UITests" */;
			buildPhases = (
				188461EB1EA0D092000C46A4 /* Sources */,
				188461EC1EA0D092000C46A4 /* Frameworks */,
				188461ED1EA0D092000C46A4 /* Resources */,
			);
			buildRules = (
			);
			dependencies = (
				188461F11EA0D092000C46A4 /* PBXTargetDependency */,
			);
			name = SweetRN_110UITests;
			productName = SweetRN_110UITests;
			productReference = 188461EF1EA0D092000C46A4 /* SweetRN_110UITests.xctest */;
			productType = "com.apple.product-type.bundle.ui-testing";
		};
/* End PBXNativeTarget section */

/* Begin PBXProject section */
		188461C31EA0D092000C46A4 /* Project object */ = {
			isa = PBXProject;
			attributes = {
				LastUpgradeCheck = 0830;
				ORGANIZATIONNAME = apple;
				TargetAttributes = {
					188461CA1EA0D092000C46A4 = {
						CreatedOnToolsVersion = 8.3;
						ProvisioningStyle = Automatic;
					};
					188461E31EA0D092000C46A4 = {
						CreatedOnToolsVersion = 8.3;
						ProvisioningStyle = Automatic;
						TestTargetID = 188461CA1EA0D092000C46A4;
					};
					188461EE1EA0D092000C46A4 = {
						CreatedOnToolsVersion = 8.3;
						ProvisioningStyle = Automatic;
						TestTargetID = 188461CA1EA0D092000C46A4;
					};
				};
			};
			buildConfigurationList = 188461C61EA0D092000C46A4 /* Build configuration list for PBXProject "SweetRN_110" */;
			compatibilityVersion = "Xcode 3.2";
			developmentRegion = English;
			hasScannedForEncodings = 0;
			knownRegions = (
				en,
				Base,
			);
			mainGroup = 188461C21EA0D092000C46A4;
			productRefGroup = 188461CC1EA0D092000C46A4 /* Products */;
			projectDirPath = "";
			projectRoot = "";
			targets = (
				188461CA1EA0D092000C46A4 /* SweetRN_110 */,
				188461E31EA0D092000C46A4 /* SweetRN_110Tests */,
				188461EE1EA0D092000C46A4 /* SweetRN_110UITests */,
			);
		};
/* End PBXProject section */

/* Begin PBXResourcesBuildPhase section */
		188461C91EA0D092000C46A4 /* Resources */ = {
			isa = PBXResourcesBuildPhase;
			buildActionMask = 2147483647;
			files = (
				188461DE1EA0D092000C46A4 /* LaunchScreen.storyboard in Resources */,
				188461DB1EA0D092000C46A4 /* Assets.xcassets in Resources */,
				188461D91EA0D092000C46A4 /* Main.storyboard in Resources */,
			);
			runOnlyForDeploymentPostprocessing = 0;
		};
		188461E21EA0D092000C46A4 /* Resources */ = {
			isa = PBXResourcesBuildPhase;
			buildActionMask = 2147483647;
			files = (
			);
			runOnlyForDeploymentPostprocessing = 0;
		};
		188461ED1EA0D092000C46A4 /* Resources */ = {
			isa = PBXResourcesBuildPhase;
			buildActionMask = 2147483647;
			files = (
			);
			runOnlyForDeploymentPostprocessing = 0;
		};
/* End PBXResourcesBuildPhase section */

/* Begin PBXSourcesBuildPhase section */
		188461C71EA0D092000C46A4 /* Sources */ = {
			isa = PBXSourcesBuildPhase;
			buildActionMask = 2147483647;
			files = (
				188461D61EA0D092000C46A4 /* ViewController.m in Sources */,
				188461D31EA0D092000C46A4 /* AppDelegate.m in Sources */,
				188461D01EA0D092000C46A4 /* main.m in Sources */,
			);
			runOnlyForDeploymentPostprocessing = 0;
		};
		188461E01EA0D092000C46A4 /* Sources */ = {
			isa = PBXSourcesBuildPhase;
			buildActionMask = 2147483647;
			files = (
				188461E91EA0D092000C46A4 /* SweetRN_110Tests.m in Sources */,
			);
			runOnlyForDeploymentPostprocessing = 0;
		};
		188461EB1EA0D092000C46A4 /* Sources */ = {
			isa = PBXSourcesBuildPhase;
			buildActionMask = 2147483647;
			files = (
				188461F41EA0D092000C46A4 /* SweetRN_110UITests.m in Sources */,
			);
			runOnlyForDeploymentPostprocessing = 0;
		};
/* End PBXSourcesBuildPhase section */

/* Begin PBXTargetDependency section */
		188461E61EA0D092000C46A4 /* PBXTargetDependency */ = {
			isa = PBXTargetDependency;
			target = 188461CA1EA0D092000C46A4 /* SweetRN_110 */;
			targetProxy = 188461E51EA0D092000C46A4 /* PBXContainerItemProxy */;
		};
		188461F11EA0D092000C46A4 /* PBXTargetDependency */ = {
			isa = PBXTargetDependency;
			target = 188461CA1EA0D092000C46A4 /* SweetRN_110 */;
			targetProxy = 188461F01EA0D092000C46A4 /* PBXContainerItemProxy */;
		};
/* End PBXTargetDependency section */

/* Begin PBXVariantGroup section */
		188461D71EA0D092000C46A4 /* Main.storyboard */ = {
			isa = PBXVariantGroup;
			children = (
				188461D81EA0D092000C46A4 /* Base */,
			);
			name = Main.storyboard;
			sourceTree = "<group>";
		};
		188461DC1EA0D092000C46A4 /* LaunchScreen.storyboard */ = {
			isa = PBXVariantGroup;
			children = (
				188461DD1EA0D092000C46A4 /* Base */,
			);
			name = LaunchScreen.storyboard;
			sourceTree = "<group>";
		};
/* End PBXVariantGroup section */

/* Begin XCBuildConfiguration section */
		188461F61EA0D092000C46A4 /* Debug */ = {
			isa = XCBuildConfiguration;
			buildSettings = {
				ALWAYS_SEARCH_USER_PATHS = NO;
				CLANG_ANALYZER_NONNULL = YES;
				CLANG_ANALYZER_NUMBER_OBJECT_CONVERSION = YES_AGGRESSIVE;
				CLANG_CXX_LANGUAGE_STANDARD = "gnu++0x";
				CLANG_CXX_LIBRARY = "libc++";
				CLANG_ENABLE_MODULES = YES;
				CLANG_ENABLE_OBJC_ARC = YES;
				CLANG_WARN_BOOL_CONVERSION = YES;
				CLANG_WARN_CONSTANT_CONVERSION = YES;
				CLANG_WARN_DIRECT_OBJC_ISA_USAGE = YES_ERROR;
				CLANG_WARN_DOCUMENTATION_COMMENTS = YES;
				CLANG_WARN_EMPTY_BODY = YES;
				CLANG_WARN_ENUM_CONVERSION = YES;
				CLANG_WARN_INFINITE_RECURSION = YES;
				CLANG_WARN_INT_CONVERSION = YES;
				CLANG_WARN_OBJC_ROOT_CLASS = YES_ERROR;
				CLANG_WARN_SUSPICIOUS_MOVE = YES;
				CLANG_WARN_UNREACHABLE_CODE = YES;
				CLANG_WARN__DUPLICATE_METHOD_MATCH = YES;
				"CODE_SIGN_IDENTITY[sdk=iphoneos*]" = "iPhone Developer";
				COPY_PHASE_STRIP = NO;
				DEBUG_INFORMATION_FORMAT = dwarf;
				ENABLE_STRICT_OBJC_MSGSEND = YES;
				ENABLE_TESTABILITY = YES;
				GCC_C_LANGUAGE_STANDARD = gnu99;
				GCC_DYNAMIC_NO_PIC = NO;
				GCC_NO_COMMON_BLOCKS = YES;
				GCC_OPTIMIZATION_LEVEL = 0;
				GCC_PREPROCESSOR_DEFINITIONS = (
					"DEBUG=1",
					"$(inherited)",
				);
				GCC_WARN_64_TO_32_BIT_CONVERSION = YES;
				GCC_WARN_ABOUT_RETURN_TYPE = YES_ERROR;
				GCC_WARN_UNDECLARED_SELECTOR = YES;
				GCC_WARN_UNINITIALIZED_AUTOS = YES_AGGRESSIVE;
				GCC_WARN_UNUSED_FUNCTION = YES;
				GCC_WARN_UNUSED_VARIABLE = YES;
				IPHONEOS_DEPLOYMENT_TARGET = 10.3;
				MTL_ENABLE_DEBUG_INFO = YES;
				ONLY_ACTIVE_ARCH = YES;
				SDKROOT = iphoneos;
				TARGETED_DEVICE_FAMILY = "1,2";
			};
			name = Debug;
		};
		188461F71EA0D092000C46A4 /* Release */ = {
			isa = XCBuildConfiguration;
			buildSettings = {
				ALWAYS_SEARCH_USER_PATHS = NO;
				CLANG_ANALYZER_NONNULL = YES;
				CLANG_ANALYZER_NUMBER_OBJECT_CONVERSION = YES_AGGRESSIVE;
				CLANG_CXX_LANGUAGE_STANDARD = "gnu++0x";
				CLANG_CXX_LIBRARY = "libc++";
				CLANG_ENABLE_MODULES = YES;
				CLANG_ENABLE_OBJC_ARC = YES;
				CLANG_WARN_BOOL_CONVERSION = YES;
				CLANG_WARN_CONSTANT_CONVERSION = YES;
				CLANG_WARN_DIRECT_OBJC_ISA_USAGE = YES_ERROR;
				CLANG_WARN_DOCUMENTATION_COMMENTS = YES;
				CLANG_WARN_EMPTY_BODY = YES;
				CLANG_WARN_ENUM_CONVERSION = YES;
				CLANG_WARN_INFINITE_RECURSION = YES;
				CLANG_WARN_INT_CONVERSION = YES;
				CLANG_WARN_OBJC_ROOT_CLASS = YES_ERROR;
				CLANG_WARN_SUSPICIOUS_MOVE = YES;
				CLANG_WARN_UNREACHABLE_CODE = YES;
				CLANG_WARN__DUPLICATE_METHOD_MATCH = YES;
				"CODE_SIGN_IDENTITY[sdk=iphoneos*]" = "iPhone Developer";
				COPY_PHASE_STRIP = NO;
				DEBUG_INFORMATION_FORMAT = "dwarf-with-dsym";
				ENABLE_NS_ASSERTIONS = NO;
				ENABLE_STRICT_OBJC_MSGSEND = YES;
				GCC_C_LANGUAGE_STANDARD = gnu99;
				GCC_NO_COMMON_BLOCKS = YES;
				GCC_WARN_64_TO_32_BIT_CONVERSION = YES;
				GCC_WARN_ABOUT_RETURN_TYPE = YES_ERROR;
				GCC_WARN_UNDECLARED_SELECTOR = YES;
				GCC_WARN_UNINITIALIZED_AUTOS = YES_AGGRESSIVE;
				GCC_WARN_UNUSED_FUNCTION = YES;
				GCC_WARN_UNUSED_VARIABLE = YES;
				IPHONEOS_DEPLOYMENT_TARGET = 10.3;
				MTL_ENABLE_DEBUG_INFO = NO;
				SDKROOT = iphoneos;
				TARGETED_DEVICE_FAMILY = "1,2";
				VALIDATE_PRODUCT = YES;
			};
			name = Release;
		};
		188461F91EA0D092000C46A4 /* Debug */ = {
			isa = XCBuildConfiguration;
			buildSettings = {
				ASSETCATALOG_COMPILER_APPICON_NAME = AppIcon;
				INFOPLIST_FILE = SweetRN_110/Info.plist;
				LD_RUNPATH_SEARCH_PATHS = "$(inherited) @executable_path/Frameworks";
				PRODUCT_BUNDLE_IDENTIFIER = "sweetkk.SweetRN-110";
				PRODUCT_NAME = "$(TARGET_NAME)";
			};
			name = Debug;
		};
		188461FA1EA0D092000C46A4 /* Release */ = {
			isa = XCBuildConfiguration;
			buildSettings = {
				ASSETCATALOG_COMPILER_APPICON_NAME = AppIcon;
				INFOPLIST_FILE = SweetRN_110/Info.plist;
				LD_RUNPATH_SEARCH_PATHS = "$(inherited) @executable_path/Frameworks";
				PRODUCT_BUNDLE_IDENTIFIER = "sweetkk.SweetRN-110";
				PRODUCT_NAME = "$(TARGET_NAME)";
			};
			name = Release;
		};
		188461FC1EA0D092000C46A4 /* Debug */ = {
			isa = XCBuildConfiguration;
			buildSettings = {
				BUNDLE_LOADER = "$(TEST_HOST)";
				INFOPLIST_FILE = SweetRN_110Tests/Info.plist;
				LD_RUNPATH_SEARCH_PATHS = "$(inherited) @executable_path/Frameworks @loader_path/Frameworks";
				PRODUCT_BUNDLE_IDENTIFIER = "sweetkk.SweetRN-110Tests";
				PRODUCT_NAME = "$(TARGET_NAME)";
				TEST_HOST = "$(BUILT_PRODUCTS_DIR)/SweetRN_110.app/SweetRN_110";
			};
			name = Debug;
		};
		188461FD1EA0D092000C46A4 /* Release */ = {
			isa = XCBuildConfiguration;
			buildSettings = {
				BUNDLE_LOADER = "$(TEST_HOST)";
				INFOPLIST_FILE = SweetRN_110Tests/Info.plist;
				LD_RUNPATH_SEARCH_PATHS = "$(inherited) @executable_path/Frameworks @loader_path/Frameworks";
				PRODUCT_BUNDLE_IDENTIFIER = "sweetkk.SweetRN-110Tests";
				PRODUCT_NAME = "$(TARGET_NAME)";
				TEST_HOST = "$(BUILT_PRODUCTS_DIR)/SweetRN_110.app/SweetRN_110";
			};
			name = Release;
		};
		188461FF1EA0D092000C46A4 /* Debug */ = {
			isa = XCBuildConfiguration;
			buildSettings = {
				INFOPLIST_FILE = SweetRN_110UITests/Info.plist;
				LD_RUNPATH_SEARCH_PATHS = "$(inherited) @executable_path/Frameworks @loader_path/Frameworks";
				PRODUCT_BUNDLE_IDENTIFIER = "sweetkk.SweetRN-110UITests";
				PRODUCT_NAME = "$(TARGET_NAME)";
				TEST_TARGET_NAME = SweetRN_110;
			};
			name = Debug;
		};
		188462001EA0D092000C46A4 /* Release */ = {
			isa = XCBuildConfiguration;
			buildSettings = {
				INFOPLIST_FILE = SweetRN_110UITests/Info.plist;
				LD_RUNPATH_SEARCH_PATHS = "$(inherited) @executable_path/Frameworks @loader_path/Frameworks";
				PRODUCT_BUNDLE_IDENTIFIER = "sweetkk.SweetRN-110UITests";
				PRODUCT_NAME = "$(TARGET_NAME)";
				TEST_TARGET_NAME = SweetRN_110;
			};
			name = Release;
		};
/* End XCBuildConfiguration section */

/* Begin XCConfigurationList section */
		188461C61EA0D092000C46A4 /* Build configuration list for PBXProject "SweetRN_110" */ = {
			isa = XCConfigurationList;
			buildConfigurations = (
				188461F61EA0D092000C46A4 /* Debug */,
				188461F71EA0D092000C46A4 /* Release */,
			);
			defaultConfigurationIsVisible = 0;
			defaultConfigurationName = Release;
		};
		188461F81EA0D092000C46A4 /* Build configuration list for PBXNativeTarget "SweetRN_110" */ = {
			isa = XCConfigurationList;
			buildConfigurations = (
				188461F91EA0D092000C46A4 /* Debug */,
				188461FA1EA0D092000C46A4 /* Release */,
			);
			defaultConfigurationIsVisible = 0;
		};
		188461FB1EA0D092000C46A4 /* Build configuration list for PBXNativeTarget "SweetRN_110Tests" */ = {
			isa = XCConfigurationList;
			buildConfigurations = (
				188461FC1EA0D092000C46A4 /* Debug */,
				188461FD1EA0D092000C46A4 /* Release */,
			);
			defaultConfigurationIsVisible = 0;
		};
		188461FE1EA0D092000C46A4 /* Build configuration list for PBXNativeTarget "SweetRN_110UITests" */ = {
			isa = XCConfigurationList;
			buildConfigurations = (
				188461FF1EA0D092000C46A4 /* Debug */,
				188462001EA0D092000C46A4 /* Release */,
			);
			defaultConfigurationIsVisible = 0;
		};
/* End XCConfigurationList section */
	};
	rootObject = 188461C31EA0D092000C46A4 /* Project object */;
}
